
Microsoft Visual Studio Solution File, Format Version 12.00
# Visual Studio Version 17
VisualStudioVersion = 17.1.32421.90
MinimumVisualStudioVersion = 10.0.40219.1
Project("{FAE04EC0-301F-11D3-BF4B-00C04F79EFBC}") = "ProductValidation", "ProductValidation\ProductValidation.csproj", "{48B99ED5-7A2C-4B30-8496-7952E0F0E587}"
EndProject
Project("{FAE04EC0-301F-11D3-BF4B-00C04F79EFBC}") = "ProductValidation.IoC", "ProductValidation.IoC\ProductValidation.IoC.csproj", "{92E6BA9E-A487-463C-9D19-30EA3F41FBC8}"
EndProject
Project("{FAE04EC0-301F-11D3-BF4B-00C04F79EFBC}") = "ProductValidation.Database", "ProductValidation.Database\ProductValidation.Database.csproj", "{529CF453-90B8-41D1-BB76-3499EFB14619}"
EndProject
Project("{9A19103F-16F7-4668-BE54-9A1E7A4F7556}") = "ProductValidation.Tests", "ProductValidation.Tests\ProductValidation.Tests.csproj", "{C9815E56-7D2A-4D23-B610-B6546638D678}"
EndProject
Project("{FAE04EC0-301F-11D3-BF4B-00C04F79EFBC}") = "ProductValidation.WebApi", "ProductValidation.WebApi\ProductValidation.WebApi.csproj", "{4E0A8AAE-A895-4822-A479-7FE88F7FB6AE}"
EndProject
Global
	GlobalSection(SolutionConfigurationPlatforms) = preSolution
		Debug|Any CPU = Debug|Any CPU
		Release|Any CPU = Release|Any CPU
	EndGlobalSection
	GlobalSection(ProjectConfigurationPlatforms) = postSolution
		{48B99ED5-7A2C-4B30-8496-7952E0F0E587}.Debug|Any CPU.ActiveCfg = Debug|Any CPU
		{48B99ED5-7A2C-4B30-8496-7952E0F0E587}.Debug|Any CPU.Build.0 = Debug|Any CPU
		{48B99ED5-7A2C-4B30-8496-7952E0F0E587}.Release|Any CPU.ActiveCfg = Release|Any CPU
		{48B99ED5-7A2C-4B30-8496-7952E0F0E587}.Release|Any CPU.Build.0 = Release|Any CPU
		{92E6BA9E-A487-463C-9D19-30EA3F41FBC8}.Debug|Any CPU.ActiveCfg = Debug|Any CPU
		{92E6BA9E-A487-463C-9D19-30EA3F41FBC8}.Debug|Any CPU.Build.0 = Debug|Any CPU
		{92E6BA9E-A487-463C-9D19-30EA3F41FBC8}.Release|Any CPU.ActiveCfg = Release|Any CPU
		{92E6BA9E-A487-463C-9D19-30EA3F41FBC8}.Release|Any CPU.Build.0 = Release|Any CPU
		{529CF453-90B8-41D1-BB76-3499EFB14619}.Debug|Any CPU.ActiveCfg = Debug|Any CPU
		{529CF453-90B8-41D1-BB76-3499EFB14619}.Debug|Any CPU.Build.0 = Debug|Any CPU
		{529CF453-90B8-41D1-BB76-3499EFB14619}.Release|Any CPU.ActiveCfg = Release|Any CPU
		{529CF453-90B8-41D1-BB76-3499EFB14619}.Release|Any CPU.Build.0 = Release|Any CPU
		{C9815E56-7D2A-4D23-B610-B6546638D678}.Debug|Any CPU.ActiveCfg = Debug|Any CPU
		{C9815E56-7D2A-4D23-B610-B6546638D678}.Debug|Any CPU.Build.0 = Debug|Any CPU
		{C9815E56-7D2A-4D23-B610-B6546638D678}.Release|Any CPU.ActiveCfg = Release|Any CPU
		{C9815E56-7D2A-4D23-B610-B6546638D678}.Release|Any CPU.Build.0 = Release|Any CPU
		{4E0A8AAE-A895-4822-A479-7FE88F7FB6AE}.Debug|Any CPU.ActiveCfg = Debug|Any CPU
		{4E0A8AAE-A895-4822-A479-7FE88F7FB6AE}.Debug|Any CPU.Build.0 = Debug|Any CPU
		{4E0A8AAE-A895-4822-A479-7FE88F7FB6AE}.Release|Any CPU.ActiveCfg = Release|Any CPU
		{4E0A8AAE-A895-4822-A479-7FE88F7FB6AE}.Release|Any CPU.Build.0 = Release|Any CPU
	EndGlobalSection
	GlobalSection(SolutionProperties) = preSolution
		HideSolutionNode = FALSE
	EndGlobalSection
	GlobalSection(ExtensibilityGlobals) = postSolution
		SolutionGuid = {5F419383-5B94-4330-AED2-ED5B542A0E31}
	EndGlobalSection
EndGlobal
